{
  "name": "small-a-flyai-cli-runtime",
  "version": "1.0.0",
  "lockfileVersion": 3,
  "requires": true,
  "packages": {
    "": {
      "name": "small-a-flyai-cli-runtime",
      "version": "1.0.0",
      "dependencies": {
        "@fly-ai/flyai-cli": "1.0.16",
        "node": "22.23.3"
      }
    },
    "node_modules/@fly-ai/flyai-cli": {
      "version": "1.0.16",
      "resolved": "https://registry.npmmirror.com/@fly-ai/flyai-cli/-/flyai-cli-1.0.16.tgz",
      "integrity": "sha512-Ksi06xvJSJcdhmfoDbpAnA84K4/pF+SkLsa5ZLvNruUc3e2EpoGaI6FcJXKTODvB/evprfy5pdRzW3lVazqfkA==",
      "license": "MIT",
      "dependencies": {
        "commander": "^12.1.0"
      },
      "bin": {
        "flyai": "dist/flyai-bundle.cjs"
      },
      "engines": {
        "node": ">=18"
      }
    },
    "node_modules/commander": {
      "version": "12.1.0",
      "resolved": "https://registry.npmmirror.com/commander/-/commander-12.1.0.tgz",
      "integrity": "sha512-Vw8qHK3bZM9y/P10u3Vib8o/DdkvA2OtPtZvD871QKjy74Wj1WSKFILMPRPSdUSx5RFK1arlJzEtA4PkFgnbuA==",
      "license": "MIT",
      "engines": {
        "node": ">=18"
      }
    },
    "node_modules/node": {
      "version": "22.23.3",
      "resolved": "https://registry.npmmirror.com/node/-/node-22.23.3.tgz",
      "integrity": "sha512-DefCzy9Twv55AA4RQcOnUd6iQtqmnsJ6twWGasZ33F7BKJEMUJ1KVoumiVSRRNVRHKhBtsoPTvNKMxsE1TG0+Q==",
      "hasInstallScript": true,
      "license": "MIT",
      "dependencies": {
        "node-bin-setup": "^1.0.0"
      },
      "bin": {
        "node": "bin/node"
      },
      "engines": {
        "npm": ">=5.0.0"
      }
    },
    "node_modules/node-bin-setup": {
      "version": "1.1.4",
      "resolved": "https://registry.npmmirror.com/node-bin-setup/-/node-bin-setup-1.1.4.tgz",
      "integrity": "sha512-vWNHOne0ZUavArqPP5LJta50+S8R261Fr5SvGul37HbEDcowvLjwdvd0ZeSr0r2lTSrPxl6okq9QUw8BFGiAxA==",
      "license": "ISC"
    }
  }
}
